// !$*UTF8*$!
{
	archiveVersion = 1;
	classes = {
	};
	objectVersion = 50;
	objects = {

/* Begin PBXBuildFile section */
		5771685756E0B26D329713FD /* Pods_Todoy_Practice.framework in Frameworks */ = {isa = PBXBuildFile; fileRef = EF9A451963F762638420DAAC /* Pods_Todoy_Practice.framework */; };
		989F851D2161E98F008ED1F9 /* Data.swift in Sources */ = {isa = PBXBuildFile; fileRef = 989F851C2161E98F008ED1F9 /* Data.swift */; };
		98A4A19A21608DE300D6BD21 /* AppDelegate.swift in Sources */ = {isa = PBXBuildFile; fileRef = 98A4A19921608DE300D6BD21 /* AppDelegate.swift */; };
		98A4A19C21608DE300D6BD21 /* TodoyItemViewController.swift in Sources */ = {isa = PBXBuildFile; fileRef = 98A4A19B21608DE300D6BD21 /* TodoyItemViewController.swift */; };
		98A4A19F21608DE300D6BD21 /* Main.storyboard in Resources */ = {isa = PBXBuildFile; fileRef = 98A4A19D21608DE300D6BD21 /* Main.storyboard */; };
		98A4A1A221608DE300D6BD21 /* DataModel.xcdatamodeld in Sources */ = {isa = PBXBuildFile; fileRef = 98A4A1A021608DE300D6BD21 /* DataModel.xcdatamodeld */; };
		98A4A1A421608DE600D6BD21 /* Assets.xcassets in Resources */ = {isa = PBXBuildFile; fileRef = 98A4A1A321608DE600D6BD21 /* Assets.xcassets */; };
		98A4A1A721608DE600D6BD21 /* LaunchScreen.storyboard in Resources */ = {isa = PBXBuildFile; fileRef = 98A4A1A521608DE600D6BD21 /* LaunchScreen.storyboard */; };
		98A4A1B02160967500D6BD21 /* CategoryViewController.swift in Sources */ = {isa = PBXBuildFile; fileRef = 98A4A1AF2160967500D6BD21 /* CategoryViewController.swift */; };
/* End PBXBuildFile section */

/* Begin PBXFileReference section */
		0510D0CE1D0EB25302062A62 /* Pods-Todoy Practice.debug.xcconfig */ = {isa = PBXFileReference; includeInIndex = 1; lastKnownFileType = text.xcconfig; name = "Pods-Todoy Practice.debug.xcconfig"; path = "Pods/Target Support Files/Pods-Todoy Practice/Pods-Todoy Practice.debug.xcconfig"; sourceTree = "<group>"; };
		989F851C2161E98F008ED1F9 /* Data.swift */ = {isa = PBXFileReference; lastKnownFileType = sourcecode.swift; path = Data.swift; sourceTree = "<group>"; };
		98A4A19621608DE300D6BD21 /* Todoy Practice.app */ = {isa = PBXFileReference; explicitFileType = wrapper.application; includeInIndex = 0; path = "Todoy Practice.app"; sourceTree = BUILT_PRODUCTS_DIR; };
		98A4A19921608DE300D6BD21 /* AppDelegate.swift */ = {isa = PBXFileReference; lastKnownFileType = sourcecode.swift; path = AppDelegate.swift; sourceTree = "<group>"; };
		98A4A19B21608DE300D6BD21 /* TodoyItemViewController.swift */ = {isa = PBXFileReference; lastKnownFileType = sourcecode.swift; path = TodoyItemViewController.swift; sourceTree = "<group>"; };
		98A4A19E21608DE300D6BD21 /* Base */ = {isa = PBXFileReference; lastKnownFileType = file.storyboard; name = Base; path = Base.lproj/Main.storyboard; sourceTree = "<group>"; };
		98A4A1A121608DE300D6BD21 /* Todoy_Practice.xcdatamodel */ = {isa = PBXFileReference; lastKnownFileType = wrapper.xcdatamodel; path = Todoy_Practice.xcdatamodel; sourceTree = "<group>"; };
		98A4A1A321608DE600D6BD21 /* Assets.xcassets */ = {isa = PBXFileReference; lastKnownFileType = folder.assetcatalog; path = Assets.xcassets; sourceTree = "<group>"; };
		98A4A1A621608DE600D6BD21 /* Base */ = {isa = PBXFileReference; lastKnownFileType = file.storyboard; name = Base; path = Base.lproj/LaunchScreen.storyboard; sourceTree = "<group>"; };
		98A4A1A821608DE600D6BD21 /* Info.plist */ = {isa = PBXFileReference; lastKnownFileType = text.plist.xml; path = Info.plist; sourceTree = "<group>"; };
		98A4A1AF2160967500D6BD21 /* CategoryViewController.swift */ = {isa = PBXFileReference; lastKnownFileType = sourcecode.swift; path = CategoryViewController.swift; sourceTree = "<group>"; };
		B336470652BFCD36885A2090 /* Pods-Todoy Practice.release.xcconfig */ = {isa = PBXFileReference; includeInIndex = 1; lastKnownFileType = text.xcconfig; name = "Pods-Todoy Practice.release.xcconfig"; path = "Pods/Target Support Files/Pods-Todoy Practice/Pods-Todoy Practice.release.xcconfig"; sourceTree = "<group>"; };
		EF9A451963F762638420DAAC /* Pods_Todoy_Practice.framework */ = {isa = PBXFileReference; explicitFileType = wrapper.framework; includeInIndex = 0; path = Pods_Todoy_Practice.framework; sourceTree = BUILT_PRODUCTS_DIR; };
/* End PBXFileReference section */

/* Begin PBXFrameworksBuildPhase section */
		98A4A19321608DE300D6BD21 /* Frameworks */ = {
			isa = PBXFrameworksBuildPhase;
			buildActionMask = 2147483647;
			files = (
				5771685756E0B26D329713FD /* Pods_Todoy_Practice.framework in Frameworks */,
			);
			runOnlyForDeploymentPostprocessing = 0;
		};
/* End PBXFrameworksBuildPhase section */

/* Begin PBXGroup section */
		645F58E6A42C819704427925 /* Frameworks */ = {
			isa = PBXGroup;
			children = (
				EF9A451963F762638420DAAC /* Pods_Todoy_Practice.framework */,
			);
			name = Frameworks;
			sourceTree = "<group>";
		};
		98A4A18D21608DE300D6BD21 = {
			isa = PBXGroup;
			children = (
				98A4A19921608DE300D6BD21 /* AppDelegate.swift */,
				98A4A1B22160968D00D6BD21 /* Data Model */,
				98A4A1B12160968400D6BD21 /* Controller */,
				98A4A1AE2160964D00D6BD21 /* View */,
				98A4A19821608DE300D6BD21 /* Todoy Practice */,
				98A4A19721608DE300D6BD21 /* Products */,
				A73200EBC3F8DBF58FAC2952 /* Pods */,
				645F58E6A42C819704427925 /* Frameworks */,
			);
			sourceTree = "<group>";
		};
		98A4A19721608DE300D6BD21 /* Products */ = {
			isa = PBXGroup;
			children = (
				98A4A19621608DE300D6BD21 /* Todoy Practice.app */,
			);
			name = Products;
			sourceTree = "<group>";
		};
		98A4A19821608DE300D6BD21 /* Todoy Practice */ = {
			isa = PBXGroup;
			children = (
				98A4A1A521608DE600D6BD21 /* LaunchScreen.storyboard */,
				98A4A1A821608DE600D6BD21 /* Info.plist */,
			);
			path = "Todoy Practice";
			sourceTree = "<group>";
		};
		98A4A1AE2160964D00D6BD21 /* View */ = {
			isa = PBXGroup;
			children = (
				98A4A19D21608DE300D6BD21 /* Main.storyboard */,
				98A4A1A321608DE600D6BD21 /* Assets.xcassets */,
			);
			path = View;
			sourceTree = "<group>";
		};
		98A4A1B12160968400D6BD21 /* Controller */ = {
			isa = PBXGroup;
			children = (
				98A4A19B21608DE300D6BD21 /* TodoyItemViewController.swift */,
				98A4A1AF2160967500D6BD21 /* CategoryViewController.swift */,
			);
			path = Controller;
			sourceTree = "<group>";
		};
		98A4A1B22160968D00D6BD21 /* Data Model */ = {
			isa = PBXGroup;
			children = (
				989F851C2161E98F008ED1F9 /* Data.swift */,
				98A4A1A021608DE300D6BD21 /* DataModel.xcdatamodeld */,
			);
			path = "Data Model";
			sourceTree = "<group>";
		};
		A73200EBC3F8DBF58FAC2952 /* Pods */ = {
			isa = PBXGroup;
			children = (
				0510D0CE1D0EB25302062A62 /* Pods-Todoy Practice.debug.xcconfig */,
				B336470652BFCD36885A2090 /* Pods-Todoy Practice.release.xcconfig */,
			);
			name = Pods;
			sourceTree = "<group>";
		};
/* End PBXGroup section */

/* Begin PBXNativeTarget section */
		98A4A19521608DE300D6BD21 /* Todoy Practice */ = {
			isa = PBXNativeTarget;
			buildConfigurationList = 98A4A1AB21608DE600D6BD21 /* Build configuration list for PBXNativeTarget "Todoy Practice" */;
			buildPhases = (
				C3F1BCA3ADD3A7D1C7E5B97D /* [CP] Check Pods Manifest.lock */,
				98A4A19221608DE300D6BD21 /* Sources */,
				98A4A19321608DE300D6BD21 /* Frameworks */,
				98A4A19421608DE300D6BD21 /* Resources */,
				A20419540ABF3AD10C96FB6B /* [CP] Embed Pods Frameworks */,
			);
			buildRules = (
			);
			dependencies = (
			);
			name = "Todoy Practice";
			productName = "Todoy Practice";
			productReference = 98A4A19621608DE300D6BD21 /* Todoy Practice.app */;
			productType = "com.apple.product-type.application";
		};
/* End PBXNativeTarget section */

/* Begin PBXProject section */
		98A4A18E21608DE300D6BD21 /* Project object */ = {
			isa = PBXProject;
			attributes = {
				LastSwiftUpdateCheck = 1010;
				LastUpgradeCheck = 1010;
				ORGANIZATIONNAME = SahiTech;
				TargetAttributes = {
					98A4A19521608DE300D6BD21 = {
						CreatedOnToolsVersion = 10.1;
					};
				};
			};
			buildConfigurationList = 98A4A19121608DE300D6BD21 /* Build configuration list for PBXProject "Todoy Practice" */;
			compatibilityVersion = "Xcode 9.3";
			developmentRegion = en;
			hasScannedForEncodings = 0;
			knownRegions = (
				en,
				Base,
			);
			mainGroup = 98A4A18D21608DE300D6BD21;
			productRefGroup = 98A4A19721608DE300D6BD21 /* Products */;
			projectDirPath = "";
			projectRoot = "";
			targets = (
				98A4A19521608DE300D6BD21 /* Todoy Practice */,
			);
		};
/* End PBXProject section */

/* Begin PBXResourcesBuildPhase section */
		98A4A19421608DE300D6BD21 /* Resources */ = {
			isa = PBXResourcesBuildPhase;
			buildActionMask = 2147483647;
			files = (
				98A4A1A721608DE600D6BD21 /* LaunchScreen.storyboard in Resources */,
				98A4A1A421608DE600D6BD21 /* Assets.xcassets in Resources */,
				98A4A19F21608DE300D6BD21 /* Main.storyboard in Resources */,
			);
			runOnlyForDeploymentPostprocessing = 0;
		};
/* End PBXResourcesBuildPhase section */

/* Begin PBXShellScriptBuildPhase section */
		A20419540ABF3AD10C96FB6B /* [CP] Embed Pods Frameworks */ = {
			isa = PBXShellScriptBuildPhase;
			buildActionMask = 2147483647;
			files = (
			);
			inputFileListPaths = (
			);
			inputPaths = (
				"${SRCROOT}/Pods/Target Support Files/Pods-Todoy Practice/Pods-Todoy Practice-frameworks.sh",
				"${BUILT_PRODUCTS_DIR}/Realm/Realm.framework",
				"${BUILT_PRODUCTS_DIR}/RealmSwift/RealmSwift.framework",
			);
			name = "[CP] Embed Pods Frameworks";
			outputFileListPaths = (
			);
			outputPaths = (
				"${TARGET_BUILD_DIR}/${FRAMEWORKS_FOLDER_PATH}/Realm.framework",
				"${TARGET_BUILD_DIR}/${FRAMEWORKS_FOLDER_PATH}/RealmSwift.framework",
			);
			runOnlyForDeploymentPostprocessing = 0;
			shellPath = /bin/sh;
			shellScript = "\"${SRCROOT}/Pods/Target Support Files/Pods-Todoy Practice/Pods-Todoy Practice-frameworks.sh\"\n";
			showEnvVarsInLog = 0;
		};
		C3F1BCA3ADD3A7D1C7E5B97D /* [CP] Check Pods Manifest.lock */ = {
			isa = PBXShellScriptBuildPhase;
			buildActionMask = 2147483647;
			files = (
			);
			inputFileListPaths = (
			);
			inputPaths = (
				"${PODS_PODFILE_DIR_PATH}/Podfile.lock",
				"${PODS_ROOT}/Manifest.lock",
			);
			name = "[CP] Check Pods Manifest.lock";
			outputFileListPaths = (
			);
			outputPaths = (
				"$(DERIVED_FILE_DIR)/Pods-Todoy Practice-checkManifestLockResult.txt",
			);
			runOnlyForDeploymentPostprocessing = 0;
			shellPath = /bin/sh;
			shellScript = "diff \"${PODS_PODFILE_DIR_PATH}/Podfile.lock\" \"${PODS_ROOT}/Manifest.lock\" > /dev/null\nif [ $? != 0 ] ; then\n    # print error to STDERR\n    echo \"error: The sandbox is not in sync with the Podfile.lock. Run 'pod install' or update your CocoaPods installation.\" >&2\n    exit 1\nfi\n# This output is used by Xcode 'outputs' to avoid re-running this script phase.\necho \"SUCCESS\" > \"${SCRIPT_OUTPUT_FILE_0}\"\n";
			showEnvVarsInLog = 0;
		};
/* End PBXShellScriptBuildPhase section */

/* Begin PBXSourcesBuildPhase section */
		98A4A19221608DE300D6BD21 /* Sources */ = {
			isa = PBXSourcesBuildPhase;
			buildActionMask = 2147483647;
			files = (
				98A4A1B02160967500D6BD21 /* CategoryViewController.swift in Sources */,
				989F851D2161E98F008ED1F9 /* Data.swift in Sources */,
				98A4A19C21608DE300D6BD21 /* TodoyItemViewController.swift in Sources */,
				98A4A19A21608DE300D6BD21 /* AppDelegate.swift in Sources */,
				98A4A1A221608DE300D6BD21 /* DataModel.xcdatamodeld in Sources */,
			);
			runOnlyForDeploymentPostprocessing = 0;
		};
/* End PBXSourcesBuildPhase section */

/* Begin PBXVariantGroup section */
		98A4A19D21608DE300D6BD21 /* Main.storyboard */ = {
			isa = PBXVariantGroup;
			children = (
				98A4A19E21608DE300D6BD21 /* Base */,
			);
			name = Main.storyboard;
			sourceTree = "<group>";
		};
		98A4A1A521608DE600D6BD21 /* LaunchScreen.storyboard */ = {
			isa = PBXVariantGroup;
			children = (
				98A4A1A621608DE600D6BD21 /* Base */,
			);
			name = LaunchScreen.storyboard;
			sourceTree = "<group>";
		};
/* End PBXVariantGroup section */

/* Begin XCBuildConfiguration section */
		98A4A1A921608DE600D6BD21 /* Debug */ = {
			isa = XCBuildConfiguration;
			buildSettings = {
				ALWAYS_SEARCH_USER_PATHS = NO;
				CLANG_ANALYZER_NONNULL = YES;
				CLANG_ANALYZER_NUMBER_OBJECT_CONVERSION = YES_AGGRESSIVE;
				CLANG_CXX_LANGUAGE_STANDARD = "gnu++14";
				CLANG_CXX_LIBRARY = "libc++";
				CLANG_ENABLE_MODULES = YES;
				CLANG_ENABLE_OBJC_ARC = YES;
				CLANG_ENABLE_OBJC_WEAK = YES;
				CLANG_WARN_BLOCK_CAPTURE_AUTORELEASING = YES;
				CLANG_WARN_BOOL_CONVERSION = YES;
				CLANG_WARN_COMMA = YES;
				CLANG_WARN_CONSTANT_CONVERSION = YES;
				CLANG_WARN_DEPRECATED_OBJC_IMPLEMENTATIONS = YES;
				CLANG_WARN_DIRECT_OBJC_ISA_USAGE = YES_ERROR;
				CLANG_WARN_DOCUMENTATION_COMMENTS = YES;
				CLANG_WARN_EMPTY_BODY = YES;
				CLANG_WARN_ENUM_CONVERSION = YES;
				CLANG_WARN_INFINITE_RECURSION = YES;
				CLANG_WARN_INT_CONVERSION = YES;
				CLANG_WARN_NON_LITERAL_NULL_CONVERSION = YES;
				CLANG_WARN_OBJC_IMPLICIT_RETAIN_SELF = YES;
				CLANG_WARN_OBJC_LITERAL_CONVERSION = YES;
				CLANG_WARN_OBJC_ROOT_CLASS = YES_ERROR;
				CLANG_WARN_RANGE_LOOP_ANALYSIS = YES;
				CLANG_WARN_STRICT_PROTOTYPES = YES;
				CLANG_WARN_SUSPICIOUS_MOVE = YES;
				CLANG_WARN_UNGUARDED_AVAILABILITY = YES_AGGRESSIVE;
				CLANG_WARN_UNREACHABLE_CODE = YES;
				CLANG_WARN__DUPLICATE_METHOD_MATCH = YES;
				CODE_SIGN_IDENTITY = "iPhone Developer";
				COPY_PHASE_STRIP = NO;
				DEBUG_INFORMATION_FORMAT = dwarf;
				ENABLE_STRICT_OBJC_MSGSEND = YES;
				ENABLE_TESTABILITY = YES;
				GCC_C_LANGUAGE_STANDARD = gnu11;
				GCC_DYNAMIC_NO_PIC = NO;
				GCC_NO_COMMON_BLOCKS = YES;
				GCC_OPTIMIZATION_LEVEL = 0;
				GCC_PREPROCESSOR_DEFINITIONS = (
					"DEBUG=1",
					"$(inherited)",
				);
				GCC_WARN_64_TO_32_BIT_CONVERSION = YES;
				GCC_WARN_ABOUT_RETURN_TYPE = YES_ERROR;
				GCC_WARN_UNDECLARED_SELECTOR = YES;
				GCC_WARN_UNINITIALIZED_AUTOS = YES_AGGRESSIVE;
				GCC_WARN_UNUSED_FUNCTION = YES;
				GCC_WARN_UNUSED_VARIABLE = YES;
				IPHONEOS_DEPLOYMENT_TARGET = 12.1;
				MTL_ENABLE_DEBUG_INFO = INCLUDE_SOURCE;
				MTL_FAST_MATH = YES;
				ONLY_ACTIVE_ARCH = YES;
				SDKROOT = iphoneos;
				SWIFT_ACTIVE_COMPILATION_CONDITIONS = DEBUG;
				SWIFT_OPTIMIZATION_LEVEL = "-Onone";
			};
			name = Debug;
		};
		98A4A1AA21608DE600D6BD21 /* Release */ = {
			isa = XCBuildConfiguration;
			buildSettings = {
				ALWAYS_SEARCH_USER_PATHS = NO;
				CLANG_ANALYZER_NONNULL = YES;
				CLANG_ANALYZER_NUMBER_OBJECT_CONVERSION = YES_AGGRESSIVE;
				CLANG_CXX_LANGUAGE_STANDARD = "gnu++14";
				CLANG_CXX_LIBRARY = "libc++";
				CLANG_ENABLE_MODULES = YES;
				CLANG_ENABLE_OBJC_ARC = YES;
				CLANG_ENABLE_OBJC_WEAK = YES;
				CLANG_WARN_BLOCK_CAPTURE_AUTORELEASING = YES;
				CLANG_WARN_BOOL_CONVERSION = YES;
				CLANG_WARN_COMMA = YES;
				CLANG_WARN_CONSTANT_CONVERSION = YES;
				CLANG_WARN_DEPRECATED_OBJC_IMPLEMENTATIONS = YES;
				CLANG_WARN_DIRECT_OBJC_ISA_USAGE = YES_ERROR;
				CLANG_WARN_DOCUMENTATION_COMMENTS = YES;
				CLANG_WARN_EMPTY_BODY = YES;
				CLANG_WARN_ENUM_CONVERSION = YES;
				CLANG_WARN_INFINITE_RECURSION = YES;
				CLANG_WARN_INT_CONVERSION = YES;
				CLANG_WARN_NON_LITERAL_NULL_CONVERSION = YES;
				CLANG_WARN_OBJC_IMPLICIT_RETAIN_SELF = YES;
				CLANG_WARN_OBJC_LITERAL_CONVERSION = YES;
				CLANG_WARN_OBJC_ROOT_CLASS = YES_ERROR;
				CLANG_WARN_RANGE_LOOP_ANALYSIS = YES;
				CLANG_WARN_STRICT_PROTOTYPES = YES;
				CLANG_WARN_SUSPICIOUS_MOVE = YES;
				CLANG_WARN_UNGUARDED_AVAILABILITY = YES_AGGRESSIVE;
				CLANG_WARN_UNREACHABLE_CODE = YES;
				CLANG_WARN__DUPLICATE_METHOD_MATCH = YES;
				CODE_SIGN_IDENTITY = "iPhone Developer";
				COPY_PHASE_STRIP = NO;
				DEBUG_INFORMATION_FORMAT = "dwarf-with-dsym";
				ENABLE_NS_ASSERTIONS = NO;
				ENABLE_STRICT_OBJC_MSGSEND = YES;
				GCC_C_LANGUAGE_STANDARD = gnu11;
				GCC_NO_COMMON_BLOCKS = YES;
				GCC_WARN_64_TO_32_BIT_CONVERSION = YES;
				GCC_WARN_ABOUT_RETURN_TYPE = YES_ERROR;
				GCC_WARN_UNDECLARED_SELECTOR = YES;
				GCC_WARN_UNINITIALIZED_AUTOS = YES_AGGRESSIVE;
				GCC_WARN_UNUSED_FUNCTION = YES;
				GCC_WARN_UNUSED_VARIABLE = YES;
				IPHONEOS_DEPLOYMENT_TARGET = 12.1;
				MTL_ENABLE_DEBUG_INFO = NO;
				MTL_FAST_MATH = YES;
				SDKROOT = iphoneos;
				SWIFT_COMPILATION_MODE = wholemodule;
				SWIFT_OPTIMIZATION_LEVEL = "-O";
				VALIDATE_PRODUCT = YES;
			};
			name = Release;
		};
		98A4A1AC21608DE600D6BD21 /* Debug */ = {
			isa = XCBuildConfiguration;
			baseConfigurationReference = 0510D0CE1D0EB25302062A62 /* Pods-Todoy Practice.debug.xcconfig */;
			buildSettings = {
				ASSETCATALOG_COMPILER_APPICON_NAME = AppIcon;
				CODE_SIGN_STYLE = Automatic;
				DEVELOPMENT_TEAM = W67QPZ5FRX;
				INFOPLIST_FILE = "Todoy Practice/Info.plist";
				LD_RUNPATH_SEARCH_PATHS = (
					"$(inherited)",
					"@executable_path/Frameworks",
				);
				PRODUCT_BUNDLE_IDENTIFIER = "com.sahitech.Todoy-Practice";
				PRODUCT_NAME = "$(TARGET_NAME)";
				SWIFT_VERSION = 4.2;
				TARGETED_DEVICE_FAMILY = "1,2";
			};
			name = Debug;
		};
		98A4A1AD21608DE600D6BD21 /* Release */ = {
			isa = XCBuildConfiguration;
			baseConfigurationReference = B336470652BFCD36885A2090 /* Pods-Todoy Practice.release.xcconfig */;
			buildSettings = {
				ASSETCATALOG_COMPILER_APPICON_NAME = AppIcon;
				CODE_SIGN_STYLE = Automatic;
				DEVELOPMENT_TEAM = W67QPZ5FRX;
				INFOPLIST_FILE = "Todoy Practice/Info.plist";
				LD_RUNPATH_SEARCH_PATHS = (
					"$(inherited)",
					"@executable_path/Frameworks",
				);
				PRODUCT_BUNDLE_IDENTIFIER = "com.sahitech.Todoy-Practice";
				PRODUCT_NAME = "$(TARGET_NAME)";
				SWIFT_VERSION = 4.2;
				TARGETED_DEVICE_FAMILY = "1,2";
			};
			name = Release;
		};
/* End XCBuildConfiguration section */

/* Begin XCConfigurationList section */
		98A4A19121608DE300D6BD21 /* Build configuration list for PBXProject "Todoy Practice" */ = {
			isa = XCConfigurationList;
			buildConfigurations = (
				98A4A1A921608DE600D6BD21 /* Debug */,
				98A4A1AA21608DE600D6BD21 /* Release */,
			);
			defaultConfigurationIsVisible = 0;
			defaultConfigurationName = Release;
		};
		98A4A1AB21608DE600D6BD21 /* Build configuration list for PBXNativeTarget "Todoy Practice" */ = {
			isa = XCConfigurationList;
			buildConfigurations = (
				98A4A1AC21608DE600D6BD21 /* Debug */,
				98A4A1AD21608DE600D6BD21 /* Release */,
			);
			defaultConfigurationIsVisible = 0;
			defaultConfigurationName = Release;
		};
/* End XCConfigurationList section */

/* Begin XCVersionGroup section */
		98A4A1A021608DE300D6BD21 /* DataModel.xcdatamodeld */ = {
			isa = XCVersionGroup;
			children = (
				98A4A1A121608DE300D6BD21 /* Todoy_Practice.xcdatamodel */,
			);
			currentVersion = 98A4A1A121608DE300D6BD21 /* Todoy_Practice.xcdatamodel */;
			path = DataModel.xcdatamodeld;
			sourceTree = "<group>";
			versionGroupType = wrapper.xcdatamodel;
		};
/* End XCVersionGroup section */
	};
	rootObject = 98A4A18E21608DE300D6BD21 /* Project object */;
}
